
Microsoft Visual Studio Solution File, Format Version 12.00
# Visual Studio Version 17
VisualStudioVersion = 17.8.34511.84
MinimumVisualStudioVersion = 10.0.40219.1
Project("{9A19103F-16F7-4668-BE54-9A1E7A4F7556}") = "ProjetBiblio", "ProjetBiblio\ProjetBiblio.csproj", "{A6AA3B81-3D7F-4270-B4EF-77C1978E12B2}"
EndProject
Global
	GlobalSection(SolutionConfigurationPlatforms) = preSolution
		Debug|Any CPU = Debug|Any CPU
		Release|Any CPU = Release|Any CPU
	EndGlobalSection
	GlobalSection(ProjectConfigurationPlatforms) = postSolution
		{A6AA3B81-3D7F-4270-B4EF-77C1978E12B2}.Debug|Any CPU.ActiveCfg = Debug|Any CPU
		{A6AA3B81-3D7F-4270-B4EF-77C1978E12B2}.Debug|Any CPU.Build.0 = Debug|Any CPU
		{A6AA3B81-3D7F-4270-B4EF-77C1978E12B2}.Release|Any CPU.ActiveCfg = Release|Any CPU
		{A6AA3B81-3D7F-4270-B4EF-77C1978E12B2}.Release|Any CPU.Build.0 = Release|Any CPU
	EndGlobalSection
	GlobalSection(SolutionProperties) = preSolution
		HideSolutionNode = FALSE
	EndGlobalSection
	GlobalSection(ExtensibilityGlobals) = postSolution
		SolutionGuid = {AD768C8D-4CFA-4676-930F-C6E1BA1C4B14}
	EndGlobalSection
EndGlobal
